
Microsoft Visual Studio Solution File, Format Version 12.00
Project("{FAE04EC0-301F-11D3-BF4B-00C04F79EFBC}") = "SolarWatch", "SolarWatch.csproj", "{B8D78EC8-70AD-4254-A072-3AA2B167867A}"
EndProject
Global
	GlobalSection(SolutionConfigurationPlatforms) = preSolution
		Debug|Any CPU = Debug|Any CPU
		Release|Any CPU = Release|Any CPU
	EndGlobalSection
	GlobalSection(ProjectConfigurationPlatforms) = postSolution
		{B8D78EC8-70AD-4254-A072-3AA2B167867A}.Debug|Any CPU.ActiveCfg = Debug|Any CPU
		{B8D78EC8-70AD-4254-A072-3AA2B167867A}.Debug|Any CPU.Build.0 = Debug|Any CPU
		{B8D78EC8-70AD-4254-A072-3AA2B167867A}.Release|Any CPU.ActiveCfg = Release|Any CPU
		{B8D78EC8-70AD-4254-A072-3AA2B167867A}.Release|Any CPU.Build.0 = Release|Any CPU
	EndGlobalSection
EndGlobal
